// !$*UTF8*$!
{
	archiveVersion = 1;
	classes = {
	};
	objectVersion = 50;
	objects = {

/* Begin PBXBuildFile section */
		1896519D59B8B150EAFD85EF /* Pods_sample_ios.framework in Frameworks */ = {isa = PBXBuildFile; fileRef = 83230845C9CCF3E13A0548EF /* Pods_sample_ios.framework */; };
		4C0DFB0F20F3266B0043FBA1 /* GoogleService-Info.plist in Resources */ = {isa = PBXBuildFile; fileRef = 4C0DFB0E20F3266B0043FBA1 /* GoogleService-Info.plist */; };
		4C51B1C320ECAFB2003AE666 /* Common.swift in Sources */ = {isa = PBXBuildFile; fileRef = 4C51B1C220ECAFB2003AE666 /* Common.swift */; };
		4C51B1CD20ECAFC0003AE666 /* dteams_logo_40.png in Resources */ = {isa = PBXBuildFile; fileRef = 4C51B1C520ECAFBF003AE666 /* dteams_logo_40.png */; };
		4C51B1CE20ECAFC0003AE666 /* dteams_logo_120.png in Resources */ = {isa = PBXBuildFile; fileRef = 4C51B1C620ECAFBF003AE666 /* dteams_logo_120.png */; };
		4C51B1CF20ECAFC0003AE666 /* dreamteams_intro_ios.png in Resources */ = {isa = PBXBuildFile; fileRef = 4C51B1C720ECAFBF003AE666 /* dreamteams_intro_ios.png */; };
		4C51B1D020ECAFC0003AE666 /* dteams_logo_1024.png in Resources */ = {isa = PBXBuildFile; fileRef = 4C51B1C820ECAFC0003AE666 /* dteams_logo_1024.png */; };
		4C51B1D120ECAFC0003AE666 /* dteams_logo_60.png in Resources */ = {isa = PBXBuildFile; fileRef = 4C51B1CA20ECAFC0003AE666 /* dteams_logo_60.png */; };
		4C51B1D220ECAFC0003AE666 /* dteams_logo_180.png in Resources */ = {isa = PBXBuildFile; fileRef = 4C51B1CB20ECAFC0003AE666 /* dteams_logo_180.png */; };
		4C51B1D420ECAFD4003AE666 /* x.jpeg in Resources */ = {isa = PBXBuildFile; fileRef = 4C51B1D320ECAFD4003AE666 /* x.jpeg */; };
		4C51B1DA20ECAFF4003AE666 /* ErrorViewController.swift in Sources */ = {isa = PBXBuildFile; fileRef = 4C51B1D520ECAFF3003AE666 /* ErrorViewController.swift */; };
		4C51B1DB20ECAFF4003AE666 /* CheckNetwork.swift in Sources */ = {isa = PBXBuildFile; fileRef = 4C51B1D620ECAFF3003AE666 /* CheckNetwork.swift */; };
		4C51B1DC20ECAFF4003AE666 /* EventViewController.swift in Sources */ = {isa = PBXBuildFile; fileRef = 4C51B1D720ECAFF3003AE666 /* EventViewController.swift */; };
		4C51B1DD20ECAFF4003AE666 /* IntroViewController.swift in Sources */ = {isa = PBXBuildFile; fileRef = 4C51B1D820ECAFF4003AE666 /* IntroViewController.swift */; };
		4C51B1DE20ECAFF4003AE666 /* APIHelper.swift in Sources */ = {isa = PBXBuildFile; fileRef = 4C51B1D920ECAFF4003AE666 /* APIHelper.swift */; };
		4C51B1E120ECAFFE003AE666 /* MainViewController.swift in Sources */ = {isa = PBXBuildFile; fileRef = 4C51B1DF20ECAFFD003AE666 /* MainViewController.swift */; };
		4C51B1E220ECAFFE003AE666 /* SnsLinkHelper.swift in Sources */ = {isa = PBXBuildFile; fileRef = 4C51B1E020ECAFFD003AE666 /* SnsLinkHelper.swift */; };
		4C51B1EB20ECB025003AE666 /* NaverAuth.bundle in Resources */ = {isa = PBXBuildFile; fileRef = 4C51B1E520ECB025003AE666 /* NaverAuth.bundle */; };
		4C51B1EC20ECB025003AE666 /* libNaverLogin.a in Frameworks */ = {isa = PBXBuildFile; fileRef = 4C51B1E720ECB025003AE666 /* libNaverLogin.a */; };
		4C51B1ED20ECB025003AE666 /* NLoginThirdPartyOAuth20InAppBrowserViewController.m in Sources */ = {isa = PBXBuildFile; fileRef = 4C51B1EA20ECB025003AE666 /* NLoginThirdPartyOAuth20InAppBrowserViewController.m */; };
		4C51B1F220ECB0D7003AE666 /* KakaoOpenSDK.framework in Frameworks */ = {isa = PBXBuildFile; fileRef = 4C51B1EE20ECB0D6003AE666 /* KakaoOpenSDK.framework */; };
		4C51B1F320ECB0D7003AE666 /* KakaoCommon.framework in Frameworks */ = {isa = PBXBuildFile; fileRef = 4C51B1EF20ECB0D6003AE666 /* KakaoCommon.framework */; };
		4C51B1F420ECB0D7003AE666 /* KakaoMessageTemplate.framework in Frameworks */ = {isa = PBXBuildFile; fileRef = 4C51B1F020ECB0D6003AE666 /* KakaoMessageTemplate.framework */; };
		4C51B1F520ECB0D7003AE666 /* KakaoLink.framework in Frameworks */ = {isa = PBXBuildFile; fileRef = 4C51B1F120ECB0D7003AE666 /* KakaoLink.framework */; };
		4C8B2ADB20EC8DC5003034D8 /* AppDelegate.swift in Sources */ = {isa = PBXBuildFile; fileRef = 4C8B2ADA20EC8DC5003034D8 /* AppDelegate.swift */; };
		4C8B2ADD20EC8DC5003034D8 /* ViewController.swift in Sources */ = {isa = PBXBuildFile; fileRef = 4C8B2ADC20EC8DC5003034D8 /* ViewController.swift */; };
		4C8B2AE220EC8DC7003034D8 /* Assets.xcassets in Resources */ = {isa = PBXBuildFile; fileRef = 4C8B2AE120EC8DC7003034D8 /* Assets.xcassets */; };
		4C8B2AE520EC8DC7003034D8 /* LaunchScreen.storyboard in Resources */ = {isa = PBXBuildFile; fileRef = 4C8B2AE320EC8DC7003034D8 /* LaunchScreen.storyboard */; };
		4C8B2AF020EC8DC7003034D8 /* sample_iosTests.swift in Sources */ = {isa = PBXBuildFile; fileRef = 4C8B2AEF20EC8DC7003034D8 /* sample_iosTests.swift */; };
		4C8B2AFB20EC8DC7003034D8 /* sample_iosUITests.swift in Sources */ = {isa = PBXBuildFile; fileRef = 4C8B2AFA20EC8DC7003034D8 /* sample_iosUITests.swift */; };
		4C8B2B4820EC9556003034D8 /* Main.storyboard in Resources */ = {isa = PBXBuildFile; fileRef = 4C8B2B4720EC9556003034D8 /* Main.storyboard */; };
		9AA8FF32BE0F6FB238ECC90F /* Pods_sample_iosUITests.framework in Frameworks */ = {isa = PBXBuildFile; fileRef = 914702599878D3DED1F16715 /* Pods_sample_iosUITests.framework */; };
		C3415F186C2F120D2C637820 /* Pods_sample_iosTests.framework in Frameworks */ = {isa = PBXBuildFile; fileRef = A5F4BDA3EA4658CC439A9DD6 /* Pods_sample_iosTests.framework */; };
/* End PBXBuildFile section */

/* Begin PBXContainerItemProxy section */
		4C8B2AEC20EC8DC7003034D8 /* PBXContainerItemProxy */ = {
			isa = PBXContainerItemProxy;
			containerPortal = 4C8B2ACF20EC8DC5003034D8 /* Project object */;
			proxyType = 1;
			remoteGlobalIDString = 4C8B2AD620EC8DC5003034D8;
			remoteInfo = sample_ios;
		};
		4C8B2AF720EC8DC7003034D8 /* PBXContainerItemProxy */ = {
			isa = PBXContainerItemProxy;
			containerPortal = 4C8B2ACF20EC8DC5003034D8 /* Project object */;
			proxyType = 1;
			remoteGlobalIDString = 4C8B2AD620EC8DC5003034D8;
			remoteInfo = sample_ios;
		};
/* End PBXContainerItemProxy section */

/* Begin PBXFileReference section */
		1B32C983C6A0C15E87B4AC93 /* Pods-sample_iosTests.debug.xcconfig */ = {isa = PBXFileReference; includeInIndex = 1; lastKnownFileType = text.xcconfig; name = "Pods-sample_iosTests.debug.xcconfig"; path = "Pods/Target Support Files/Pods-sample_iosTests/Pods-sample_iosTests.debug.xcconfig"; sourceTree = "<group>"; };
		25903C9107912B01F5E82A8D /* Pods-sample_iosUITests.release.xcconfig */ = {isa = PBXFileReference; includeInIndex = 1; lastKnownFileType = text.xcconfig; name = "Pods-sample_iosUITests.release.xcconfig"; path = "Pods/Target Support Files/Pods-sample_iosUITests/Pods-sample_iosUITests.release.xcconfig"; sourceTree = "<group>"; };
		4C0DFB0E20F3266B0043FBA1 /* GoogleService-Info.plist */ = {isa = PBXFileReference; fileEncoding = 4; lastKnownFileType = text.plist.xml; name = "GoogleService-Info.plist"; path = "../../../../Downloads/GoogleService-Info.plist"; sourceTree = "<group>"; };
		4C51B1C220ECAFB2003AE666 /* Common.swift */ = {isa = PBXFileReference; fileEncoding = 4; lastKnownFileType = sourcecode.swift; path = Common.swift; sourceTree = "<group>"; };
		4C51B1C520ECAFBF003AE666 /* dteams_logo_40.png */ = {isa = PBXFileReference; lastKnownFileType = image.png; path = dteams_logo_40.png; sourceTree = "<group>"; };
		4C51B1C620ECAFBF003AE666 /* dteams_logo_120.png */ = {isa = PBXFileReference; lastKnownFileType = image.png; path = dteams_logo_120.png; sourceTree = "<group>"; };
		4C51B1C720ECAFBF003AE666 /* dreamteams_intro_ios.png */ = {isa = PBXFileReference; lastKnownFileType = image.png; path = dreamteams_intro_ios.png; sourceTree = "<group>"; };
		4C51B1C820ECAFC0003AE666 /* dteams_logo_1024.png */ = {isa = PBXFileReference; lastKnownFileType = image.png; path = dteams_logo_1024.png; sourceTree = "<group>"; };
		4C51B1C920ECAFC0003AE666 /* bridge.h */ = {isa = PBXFileReference; fileEncoding = 4; lastKnownFileType = sourcecode.c.h; path = bridge.h; sourceTree = "<group>"; };
		4C51B1CA20ECAFC0003AE666 /* dteams_logo_60.png */ = {isa = PBXFileReference; lastKnownFileType = image.png; path = dteams_logo_60.png; sourceTree = "<group>"; };
		4C51B1CB20ECAFC0003AE666 /* dteams_logo_180.png */ = {isa = PBXFileReference; lastKnownFileType = image.png; path = dteams_logo_180.png; sourceTree = "<group>"; };
		4C51B1D320ECAFD4003AE666 /* x.jpeg */ = {isa = PBXFileReference; lastKnownFileType = image.jpeg; path = x.jpeg; sourceTree = "<group>"; };
		4C51B1D520ECAFF3003AE666 /* ErrorViewController.swift */ = {isa = PBXFileReference; fileEncoding = 4; lastKnownFileType = sourcecode.swift; path = ErrorViewController.swift; sourceTree = "<group>"; };
		4C51B1D620ECAFF3003AE666 /* CheckNetwork.swift */ = {isa = PBXFileReference; fileEncoding = 4; lastKnownFileType = sourcecode.swift; path = CheckNetwork.swift; sourceTree = "<group>"; };
		4C51B1D720ECAFF3003AE666 /* EventViewController.swift */ = {isa = PBXFileReference; fileEncoding = 4; lastKnownFileType = sourcecode.swift; path = EventViewController.swift; sourceTree = "<group>"; };
		4C51B1D820ECAFF4003AE666 /* IntroViewController.swift */ = {isa = PBXFileReference; fileEncoding = 4; lastKnownFileType = sourcecode.swift; path = IntroViewController.swift; sourceTree = "<group>"; };
		4C51B1D920ECAFF4003AE666 /* APIHelper.swift */ = {isa = PBXFileReference; fileEncoding = 4; lastKnownFileType = sourcecode.swift; path = APIHelper.swift; sourceTree = "<group>"; };
		4C51B1DF20ECAFFD003AE666 /* MainViewController.swift */ = {isa = PBXFileReference; fileEncoding = 4; lastKnownFileType = sourcecode.swift; path = MainViewController.swift; sourceTree = "<group>"; };
		4C51B1E020ECAFFD003AE666 /* SnsLinkHelper.swift */ = {isa = PBXFileReference; fileEncoding = 4; lastKnownFileType = sourcecode.swift; path = SnsLinkHelper.swift; sourceTree = "<group>"; };
		4C51B1E420ECB025003AE666 /* NaverThirdPartyLoginConnection.h */ = {isa = PBXFileReference; fileEncoding = 4; lastKnownFileType = sourcecode.c.h; path = NaverThirdPartyLoginConnection.h; sourceTree = "<group>"; };
		4C51B1E520ECB025003AE666 /* NaverAuth.bundle */ = {isa = PBXFileReference; lastKnownFileType = "wrapper.plug-in"; path = NaverAuth.bundle; sourceTree = "<group>"; };
		4C51B1E620ECB025003AE666 /* NLoginThirdPartyOAuth20InAppBrowserViewController.h */ = {isa = PBXFileReference; fileEncoding = 4; lastKnownFileType = sourcecode.c.h; path = NLoginThirdPartyOAuth20InAppBrowserViewController.h; sourceTree = "<group>"; };
		4C51B1E720ECB025003AE666 /* libNaverLogin.a */ = {isa = PBXFileReference; lastKnownFileType = archive.ar; path = libNaverLogin.a; sourceTree = "<group>"; };
		4C51B1E820ECB025003AE666 /* NaverThirdPartyConstantsForApp.h */ = {isa = PBXFileReference; fileEncoding = 4; lastKnownFileType = sourcecode.c.h; path = NaverThirdPartyConstantsForApp.h; sourceTree = "<group>"; };
		4C51B1E920ECB025003AE666 /* dreamteams_ios-Bridging-Header.h */ = {isa = PBXFileReference; fileEncoding = 4; lastKnownFileType = sourcecode.c.h; path = "dreamteams_ios-Bridging-Header.h"; sourceTree = "<group>"; };
		4C51B1EA20ECB025003AE666 /* NLoginThirdPartyOAuth20InAppBrowserViewController.m */ = {isa = PBXFileReference; fileEncoding = 4; lastKnownFileType = sourcecode.c.objc; path = NLoginThirdPartyOAuth20InAppBrowserViewController.m; sourceTree = "<group>"; };
		4C51B1EE20ECB0D6003AE666 /* KakaoOpenSDK.framework */ = {isa = PBXFileReference; lastKnownFileType = wrapper.framework; path = KakaoOpenSDK.framework; sourceTree = "<group>"; };
		4C51B1EF20ECB0D6003AE666 /* KakaoCommon.framework */ = {isa = PBXFileReference; lastKnownFileType = wrapper.framework; path = KakaoCommon.framework; sourceTree = "<group>"; };
		4C51B1F020ECB0D6003AE666 /* KakaoMessageTemplate.framework */ = {isa = PBXFileReference; lastKnownFileType = wrapper.framework; path = KakaoMessageTemplate.framework; sourceTree = "<group>"; };
		4C51B1F120ECB0D7003AE666 /* KakaoLink.framework */ = {isa = PBXFileReference; lastKnownFileType = wrapper.framework; path = KakaoLink.framework; sourceTree = "<group>"; };
		4C8B2AD720EC8DC5003034D8 /* sample_ios.app */ = {isa = PBXFileReference; explicitFileType = wrapper.application; includeInIndex = 0; path = sample_ios.app; sourceTree = BUILT_PRODUCTS_DIR; };
		4C8B2ADA20EC8DC5003034D8 /* AppDelegate.swift */ = {isa = PBXFileReference; lastKnownFileType = sourcecode.swift; path = AppDelegate.swift; sourceTree = "<group>"; };
		4C8B2ADC20EC8DC5003034D8 /* ViewController.swift */ = {isa = PBXFileReference; lastKnownFileType = sourcecode.swift; path = ViewController.swift; sourceTree = "<group>"; };
		4C8B2AE120EC8DC7003034D8 /* Assets.xcassets */ = {isa = PBXFileReference; lastKnownFileType = folder.assetcatalog; path = Assets.xcassets; sourceTree = "<group>"; };
		4C8B2AE420EC8DC7003034D8 /* Base */ = {isa = PBXFileReference; lastKnownFileType = file.storyboard; name = Base; path = Base.lproj/LaunchScreen.storyboard; sourceTree = "<group>"; };
		4C8B2AE620EC8DC7003034D8 /* Info.plist */ = {isa = PBXFileReference; lastKnownFileType = text.plist.xml; path = Info.plist; sourceTree = "<group>"; };
		4C8B2AEB20EC8DC7003034D8 /* sample_iosTests.xctest */ = {isa = PBXFileReference; explicitFileType = wrapper.cfbundle; includeInIndex = 0; path = sample_iosTests.xctest; sourceTree = BUILT_PRODUCTS_DIR; };
		4C8B2AEF20EC8DC7003034D8 /* sample_iosTests.swift */ = {isa = PBXFileReference; lastKnownFileType = sourcecode.swift; path = sample_iosTests.swift; sourceTree = "<group>"; };
		4C8B2AF120EC8DC7003034D8 /* Info.plist */ = {isa = PBXFileReference; lastKnownFileType = text.plist.xml; path = Info.plist; sourceTree = "<group>"; };
		4C8B2AF620EC8DC7003034D8 /* sample_iosUITests.xctest */ = {isa = PBXFileReference; explicitFileType = wrapper.cfbundle; includeInIndex = 0; path = sample_iosUITests.xctest; sourceTree = BUILT_PRODUCTS_DIR; };
		4C8B2AFA20EC8DC7003034D8 /* sample_iosUITests.swift */ = {isa = PBXFileReference; lastKnownFileType = sourcecode.swift; path = sample_iosUITests.swift; sourceTree = "<group>"; };
		4C8B2AFC20EC8DC7003034D8 /* Info.plist */ = {isa = PBXFileReference; lastKnownFileType = text.plist.xml; path = Info.plist; sourceTree = "<group>"; };
		4C8B2B4720EC9556003034D8 /* Main.storyboard */ = {isa = PBXFileReference; fileEncoding = 4; lastKnownFileType = file.storyboard; path = Main.storyboard; sourceTree = "<group>"; };
		61E7203136EC46728CFC5E6A /* Pods-sample_iosTests.release.xcconfig */ = {isa = PBXFileReference; includeInIndex = 1; lastKnownFileType = text.xcconfig; name = "Pods-sample_iosTests.release.xcconfig"; path = "Pods/Target Support Files/Pods-sample_iosTests/Pods-sample_iosTests.release.xcconfig"; sourceTree = "<group>"; };
		83230845C9CCF3E13A0548EF /* Pods_sample_ios.framework */ = {isa = PBXFileReference; explicitFileType = wrapper.framework; includeInIndex = 0; path = Pods_sample_ios.framework; sourceTree = BUILT_PRODUCTS_DIR; };
		88848851F9AFDD58FC898D13 /* Pods-sample_ios.release.xcconfig */ = {isa = PBXFileReference; includeInIndex = 1; lastKnownFileType = text.xcconfig; name = "Pods-sample_ios.release.xcconfig"; path = "Pods/Target Support Files/Pods-sample_ios/Pods-sample_ios.release.xcconfig"; sourceTree = "<group>"; };
		914702599878D3DED1F16715 /* Pods_sample_iosUITests.framework */ = {isa = PBXFileReference; explicitFileType = wrapper.framework; includeInIndex = 0; path = Pods_sample_iosUITests.framework; sourceTree = BUILT_PRODUCTS_DIR; };
		9181384C02817DE4481032D0 /* Pods-sample_ios.debug.xcconfig */ = {isa = PBXFileReference; includeInIndex = 1; lastKnownFileType = text.xcconfig; name = "Pods-sample_ios.debug.xcconfig"; path = "Pods/Target Support Files/Pods-sample_ios/Pods-sample_ios.debug.xcconfig"; sourceTree = "<group>"; };
		A5F4BDA3EA4658CC439A9DD6 /* Pods_sample_iosTests.framework */ = {isa = PBXFileReference; explicitFileType = wrapper.framework; includeInIndex = 0; path = Pods_sample_iosTests.framework; sourceTree = BUILT_PRODUCTS_DIR; };
		DBE577D879441D02C1B5C7F0 /* Pods-sample_iosUITests.debug.xcconfig */ = {isa = PBXFileReference; includeInIndex = 1; lastKnownFileType = text.xcconfig; name = "Pods-sample_iosUITests.debug.xcconfig"; path = "Pods/Target Support Files/Pods-sample_iosUITests/Pods-sample_iosUITests.debug.xcconfig"; sourceTree = "<group>"; };
/* End PBXFileReference section */

/* Begin PBXFrameworksBuildPhase section */
		4C8B2AD420EC8DC5003034D8 /* Frameworks */ = {
			isa = PBXFrameworksBuildPhase;
			buildActionMask = 2147483647;
			files = (
				4C51B1F420ECB0D7003AE666 /* KakaoMessageTemplate.framework in Frameworks */,
				4C51B1EC20ECB025003AE666 /* libNaverLogin.a in Frameworks */,
				4C51B1F520ECB0D7003AE666 /* KakaoLink.framework in Frameworks */,
				4C51B1F320ECB0D7003AE666 /* KakaoCommon.framework in Frameworks */,
				1896519D59B8B150EAFD85EF /* Pods_sample_ios.framework in Frameworks */,
				4C51B1F220ECB0D7003AE666 /* KakaoOpenSDK.framework in Frameworks */,
			);
			runOnlyForDeploymentPostprocessing = 0;
		};
		4C8B2AE820EC8DC7003034D8 /* Frameworks */ = {
			isa = PBXFrameworksBuildPhase;
			buildActionMask = 2147483647;
			files = (
				C3415F186C2F120D2C637820 /* Pods_sample_iosTests.framework in Frameworks */,
			);
			runOnlyForDeploymentPostprocessing = 0;
		};
		4C8B2AF320EC8DC7003034D8 /* Frameworks */ = {
			isa = PBXFrameworksBuildPhase;
			buildActionMask = 2147483647;
			files = (
				9AA8FF32BE0F6FB238ECC90F /* Pods_sample_iosUITests.framework in Frameworks */,
			);
			runOnlyForDeploymentPostprocessing = 0;
		};
/* End PBXFrameworksBuildPhase section */

/* Begin PBXGroup section */
		4C51B1E320ECB025003AE666 /* Naver */ = {
			isa = PBXGroup;
			children = (
				4C51B1E420ECB025003AE666 /* NaverThirdPartyLoginConnection.h */,
				4C51B1E520ECB025003AE666 /* NaverAuth.bundle */,
				4C51B1E620ECB025003AE666 /* NLoginThirdPartyOAuth20InAppBrowserViewController.h */,
				4C51B1E720ECB025003AE666 /* libNaverLogin.a */,
				4C51B1E820ECB025003AE666 /* NaverThirdPartyConstantsForApp.h */,
				4C51B1E920ECB025003AE666 /* dreamteams_ios-Bridging-Header.h */,
				4C51B1EA20ECB025003AE666 /* NLoginThirdPartyOAuth20InAppBrowserViewController.m */,
			);
			path = Naver;
			sourceTree = "<group>";
		};
		4C8B2ACE20EC8DC5003034D8 = {
			isa = PBXGroup;
			children = (
				4C8B2AD920EC8DC5003034D8 /* sample_ios */,
				4C8B2AEE20EC8DC7003034D8 /* sample_iosTests */,
				4C8B2AF920EC8DC7003034D8 /* sample_iosUITests */,
				4C8B2AD820EC8DC5003034D8 /* Products */,
				4C51B1E320ECB025003AE666 /* Naver */,
				972180B4C9C66D974439EA3B /* Pods */,
				E6591E597A68A95DF77F38E7 /* Frameworks */,
			);
			sourceTree = "<group>";
		};
		4C8B2AD820EC8DC5003034D8 /* Products */ = {
			isa = PBXGroup;
			children = (
				4C8B2AD720EC8DC5003034D8 /* sample_ios.app */,
				4C8B2AEB20EC8DC7003034D8 /* sample_iosTests.xctest */,
				4C8B2AF620EC8DC7003034D8 /* sample_iosUITests.xctest */,
			);
			name = Products;
			sourceTree = "<group>";
		};
		4C8B2AD920EC8DC5003034D8 /* sample_ios */ = {
			isa = PBXGroup;
			children = (
				4C8B2ADA20EC8DC5003034D8 /* AppDelegate.swift */,
				4C51B1C220ECAFB2003AE666 /* Common.swift */,
				4C51B1D920ECAFF4003AE666 /* APIHelper.swift */,
				4C51B1D620ECAFF3003AE666 /* CheckNetwork.swift */,
				4C51B1D520ECAFF3003AE666 /* ErrorViewController.swift */,
				4C51B1D720ECAFF3003AE666 /* EventViewController.swift */,
				4C51B1D820ECAFF4003AE666 /* IntroViewController.swift */,
				4C8B2ADC20EC8DC5003034D8 /* ViewController.swift */,
				4C51B1DF20ECAFFD003AE666 /* MainViewController.swift */,
				4C51B1E020ECAFFD003AE666 /* SnsLinkHelper.swift */,
				4C8B2AE120EC8DC7003034D8 /* Assets.xcassets */,
				4C8B2AE620EC8DC7003034D8 /* Info.plist */,
				4C0DFB0E20F3266B0043FBA1 /* GoogleService-Info.plist */,
				4C8B2B4720EC9556003034D8 /* Main.storyboard */,
				4C8B2AE320EC8DC7003034D8 /* LaunchScreen.storyboard */,
				4C51B1C920ECAFC0003AE666 /* bridge.h */,
				4C51B1D320ECAFD4003AE666 /* x.jpeg */,
				4C51B1C720ECAFBF003AE666 /* dreamteams_intro_ios.png */,
				4C51B1C520ECAFBF003AE666 /* dteams_logo_40.png */,
				4C51B1CA20ECAFC0003AE666 /* dteams_logo_60.png */,
				4C51B1C620ECAFBF003AE666 /* dteams_logo_120.png */,
				4C51B1CB20ECAFC0003AE666 /* dteams_logo_180.png */,
				4C51B1C820ECAFC0003AE666 /* dteams_logo_1024.png */,
			);
			path = sample_ios;
			sourceTree = "<group>";
		};
		4C8B2AEE20EC8DC7003034D8 /* sample_iosTests */ = {
			isa = PBXGroup;
			children = (
				4C8B2AEF20EC8DC7003034D8 /* sample_iosTests.swift */,
				4C8B2AF120EC8DC7003034D8 /* Info.plist */,
			);
			path = sample_iosTests;
			sourceTree = "<group>";
		};
		4C8B2AF920EC8DC7003034D8 /* sample_iosUITests */ = {
			isa = PBXGroup;
			children = (
				4C8B2AFA20EC8DC7003034D8 /* sample_iosUITests.swift */,
				4C8B2AFC20EC8DC7003034D8 /* Info.plist */,
			);
			path = sample_iosUITests;
			sourceTree = "<group>";
		};
		972180B4C9C66D974439EA3B /* Pods */ = {
			isa = PBXGroup;
			children = (
				9181384C02817DE4481032D0 /* Pods-sample_ios.debug.xcconfig */,
				88848851F9AFDD58FC898D13 /* Pods-sample_ios.release.xcconfig */,
				1B32C983C6A0C15E87B4AC93 /* Pods-sample_iosTests.debug.xcconfig */,
				61E7203136EC46728CFC5E6A /* Pods-sample_iosTests.release.xcconfig */,
				DBE577D879441D02C1B5C7F0 /* Pods-sample_iosUITests.debug.xcconfig */,
				25903C9107912B01F5E82A8D /* Pods-sample_iosUITests.release.xcconfig */,
			);
			name = Pods;
			sourceTree = "<group>";
		};
		E6591E597A68A95DF77F38E7 /* Frameworks */ = {
			isa = PBXGroup;
			children = (
				4C51B1EF20ECB0D6003AE666 /* KakaoCommon.framework */,
				4C51B1F120ECB0D7003AE666 /* KakaoLink.framework */,
				4C51B1F020ECB0D6003AE666 /* KakaoMessageTemplate.framework */,
				4C51B1EE20ECB0D6003AE666 /* KakaoOpenSDK.framework */,
				83230845C9CCF3E13A0548EF /* Pods_sample_ios.framework */,
				A5F4BDA3EA4658CC439A9DD6 /* Pods_sample_iosTests.framework */,
				914702599878D3DED1F16715 /* Pods_sample_iosUITests.framework */,
			);
			name = Frameworks;
			sourceTree = "<group>";
		};
/* End PBXGroup section */

/* Begin PBXNativeTarget section */
		4C8B2AD620EC8DC5003034D8 /* sample_ios */ = {
			isa = PBXNativeTarget;
			buildConfigurationList = 4C8B2AFF20EC8DC7003034D8 /* Build configuration list for PBXNativeTarget "sample_ios" */;
			buildPhases = (
				81E40D7FB3B57CC7667F4591 /* [CP] Check Pods Manifest.lock */,
				4C8B2AD320EC8DC5003034D8 /* Sources */,
				4C8B2AD420EC8DC5003034D8 /* Frameworks */,
				4C8B2AD520EC8DC5003034D8 /* Resources */,
				393F6469C5617B965425F1DC /* [CP] Embed Pods Frameworks */,
			);
			buildRules = (
			);
			dependencies = (
			);
			name = sample_ios;
			productName = sample_ios;
			productReference = 4C8B2AD720EC8DC5003034D8 /* sample_ios.app */;
			productType = "com.apple.product-type.application";
		};
		4C8B2AEA20EC8DC7003034D8 /* sample_iosTests */ = {
			isa = PBXNativeTarget;
			buildConfigurationList = 4C8B2B0220EC8DC7003034D8 /* Build configuration list for PBXNativeTarget "sample_iosTests" */;
			buildPhases = (
				0F99CAE5111BBB03502C58B3 /* [CP] Check Pods Manifest.lock */,
				4C8B2AE720EC8DC7003034D8 /* Sources */,
				4C8B2AE820EC8DC7003034D8 /* Frameworks */,
				4C8B2AE920EC8DC7003034D8 /* Resources */,
			);
			buildRules = (
			);
			dependencies = (
				4C8B2AED20EC8DC7003034D8 /* PBXTargetDependency */,
			);
			name = sample_iosTests;
			productName = sample_iosTests;
			productReference = 4C8B2AEB20EC8DC7003034D8 /* sample_iosTests.xctest */;
			productType = "com.apple.product-type.bundle.unit-test";
		};
		4C8B2AF520EC8DC7003034D8 /* sample_iosUITests */ = {
			isa = PBXNativeTarget;
			buildConfigurationList = 4C8B2B0520EC8DC7003034D8 /* Build configuration list for PBXNativeTarget "sample_iosUITests" */;
			buildPhases = (
				400F2228BE2D4A326B47DE70 /* [CP] Check Pods Manifest.lock */,
				4C8B2AF220EC8DC7003034D8 /* Sources */,
				4C8B2AF320EC8DC7003034D8 /* Frameworks */,
				4C8B2AF420EC8DC7003034D8 /* Resources */,
			);
			buildRules = (
			);
			dependencies = (
				4C8B2AF820EC8DC7003034D8 /* PBXTargetDependency */,
			);
			name = sample_iosUITests;
			productName = sample_iosUITests;
			productReference = 4C8B2AF620EC8DC7003034D8 /* sample_iosUITests.xctest */;
			productType = "com.apple.product-type.bundle.ui-testing";
		};
/* End PBXNativeTarget section */

/* Begin PBXProject section */
		4C8B2ACF20EC8DC5003034D8 /* Project object */ = {
			isa = PBXProject;
			attributes = {
				LastSwiftUpdateCheck = 0940;
				LastUpgradeCheck = 0940;
				ORGANIZATIONNAME = dreamteams;
				TargetAttributes = {
					4C8B2AD620EC8DC5003034D8 = {
						CreatedOnToolsVersion = 9.4.1;
						SystemCapabilities = {
							com.apple.BackgroundModes = {
								enabled = 1;
							};
							com.apple.Push = {
								enabled = 1;
							};
						};
					};
					4C8B2AEA20EC8DC7003034D8 = {
						CreatedOnToolsVersion = 9.4.1;
						TestTargetID = 4C8B2AD620EC8DC5003034D8;
					};
					4C8B2AF520EC8DC7003034D8 = {
						CreatedOnToolsVersion = 9.4.1;
						TestTargetID = 4C8B2AD620EC8DC5003034D8;
					};
				};
			};
			buildConfigurationList = 4C8B2AD220EC8DC5003034D8 /* Build configuration list for PBXProject "sample_ios" */;
			compatibilityVersion = "Xcode 9.3";
			developmentRegion = en;
			hasScannedForEncodings = 0;
			knownRegions = (
				en,
				Base,
			);
			mainGroup = 4C8B2ACE20EC8DC5003034D8;
			productRefGroup = 4C8B2AD820EC8DC5003034D8 /* Products */;
			projectDirPath = "";
			projectRoot = "";
			targets = (
				4C8B2AD620EC8DC5003034D8 /* sample_ios */,
				4C8B2AEA20EC8DC7003034D8 /* sample_iosTests */,
				4C8B2AF520EC8DC7003034D8 /* sample_iosUITests */,
			);
		};
/* End PBXProject section */

/* Begin PBXResourcesBuildPhase section */
		4C8B2AD520EC8DC5003034D8 /* Resources */ = {
			isa = PBXResourcesBuildPhase;
			buildActionMask = 2147483647;
			files = (
				4C51B1D420ECAFD4003AE666 /* x.jpeg in Resources */,
				4C8B2AE520EC8DC7003034D8 /* LaunchScreen.storyboard in Resources */,
				4C51B1EB20ECB025003AE666 /* NaverAuth.bundle in Resources */,
				4C8B2AE220EC8DC7003034D8 /* Assets.xcassets in Resources */,
				4C51B1D220ECAFC0003AE666 /* dteams_logo_180.png in Resources */,
				4C0DFB0F20F3266B0043FBA1 /* GoogleService-Info.plist in Resources */,
				4C51B1D120ECAFC0003AE666 /* dteams_logo_60.png in Resources */,
				4C51B1D020ECAFC0003AE666 /* dteams_logo_1024.png in Resources */,
				4C51B1CD20ECAFC0003AE666 /* dteams_logo_40.png in Resources */,
				4C51B1CE20ECAFC0003AE666 /* dteams_logo_120.png in Resources */,
				4C8B2B4820EC9556003034D8 /* Main.storyboard in Resources */,
				4C51B1CF20ECAFC0003AE666 /* dreamteams_intro_ios.png in Resources */,
			);
			runOnlyForDeploymentPostprocessing = 0;
		};
		4C8B2AE920EC8DC7003034D8 /* Resources */ = {
			isa = PBXResourcesBuildPhase;
			buildActionMask = 2147483647;
			files = (
			);
			runOnlyForDeploymentPostprocessing = 0;
		};
		4C8B2AF420EC8DC7003034D8 /* Resources */ = {
			isa = PBXResourcesBuildPhase;
			buildActionMask = 2147483647;
			files = (
			);
			runOnlyForDeploymentPostprocessing = 0;
		};
/* End PBXResourcesBuildPhase section */

/* Begin PBXShellScriptBuildPhase section */
		0F99CAE5111BBB03502C58B3 /* [CP] Check Pods Manifest.lock */ = {
			isa = PBXShellScriptBuildPhase;
			buildActionMask = 2147483647;
			files = (
			);
			inputPaths = (
				"${PODS_PODFILE_DIR_PATH}/Podfile.lock",
				"${PODS_ROOT}/Manifest.lock",
			);
			name = "[CP] Check Pods Manifest.lock";
			outputPaths = (
				"$(DERIVED_FILE_DIR)/Pods-sample_iosTests-checkManifestLockResult.txt",
			);
			runOnlyForDeploymentPostprocessing = 0;
			shellPath = /bin/sh;
			shellScript = "diff \"${PODS_PODFILE_DIR_PATH}/Podfile.lock\" \"${PODS_ROOT}/Manifest.lock\" > /dev/null\nif [ $? != 0 ] ; then\n    # print error to STDERR\n    echo \"error: The sandbox is not in sync with the Podfile.lock. Run 'pod install' or update your CocoaPods installation.\" >&2\n    exit 1\nfi\n# This output is used by Xcode 'outputs' to avoid re-running this script phase.\necho \"SUCCESS\" > \"${SCRIPT_OUTPUT_FILE_0}\"\n";
			showEnvVarsInLog = 0;
		};
		393F6469C5617B965425F1DC /* [CP] Embed Pods Frameworks */ = {
			isa = PBXShellScriptBuildPhase;
			buildActionMask = 2147483647;
			files = (
			);
			inputPaths = (
				"${SRCROOT}/Pods/Target Support Files/Pods-sample_ios/Pods-sample_ios-frameworks.sh",
				"${BUILT_PRODUCTS_DIR}/Bolts/Bolts.framework",
				"${BUILT_PRODUCTS_DIR}/FBSDKCoreKit/FBSDKCoreKit.framework",
				"${BUILT_PRODUCTS_DIR}/FBSDKLoginKit/FBSDKLoginKit.framework",
				"${BUILT_PRODUCTS_DIR}/FBSDKShareKit/FBSDKShareKit.framework",
				"${BUILT_PRODUCTS_DIR}/FacebookCore/FacebookCore.framework",
				"${BUILT_PRODUCTS_DIR}/FacebookLogin/FacebookLogin.framework",
				"${BUILT_PRODUCTS_DIR}/FacebookShare/FacebookShare.framework",
				"${BUILT_PRODUCTS_DIR}/GoogleToolboxForMac/GoogleToolboxForMac.framework",
				"${BUILT_PRODUCTS_DIR}/Protobuf/Protobuf.framework",
				"${BUILT_PRODUCTS_DIR}/nanopb/nanopb.framework",
			);
			name = "[CP] Embed Pods Frameworks";
			outputPaths = (
				"${TARGET_BUILD_DIR}/${FRAMEWORKS_FOLDER_PATH}/Bolts.framework",
				"${TARGET_BUILD_DIR}/${FRAMEWORKS_FOLDER_PATH}/FBSDKCoreKit.framework",
				"${TARGET_BUILD_DIR}/${FRAMEWORKS_FOLDER_PATH}/FBSDKLoginKit.framework",
				"${TARGET_BUILD_DIR}/${FRAMEWORKS_FOLDER_PATH}/FBSDKShareKit.framework",
				"${TARGET_BUILD_DIR}/${FRAMEWORKS_FOLDER_PATH}/FacebookCore.framework",
				"${TARGET_BUILD_DIR}/${FRAMEWORKS_FOLDER_PATH}/FacebookLogin.framework",
				"${TARGET_BUILD_DIR}/${FRAMEWORKS_FOLDER_PATH}/FacebookShare.framework",
				"${TARGET_BUILD_DIR}/${FRAMEWORKS_FOLDER_PATH}/GoogleToolboxForMac.framework",
				"${TARGET_BUILD_DIR}/${FRAMEWORKS_FOLDER_PATH}/Protobuf.framework",
				"${TARGET_BUILD_DIR}/${FRAMEWORKS_FOLDER_PATH}/nanopb.framework",
			);
			runOnlyForDeploymentPostprocessing = 0;
			shellPath = /bin/sh;
			shellScript = "\"${SRCROOT}/Pods/Target Support Files/Pods-sample_ios/Pods-sample_ios-frameworks.sh\"\n";
			showEnvVarsInLog = 0;
		};
		400F2228BE2D4A326B47DE70 /* [CP] Check Pods Manifest.lock */ = {
			isa = PBXShellScriptBuildPhase;
			buildActionMask = 2147483647;
			files = (
			);
			inputPaths = (
				"${PODS_PODFILE_DIR_PATH}/Podfile.lock",
				"${PODS_ROOT}/Manifest.lock",
			);
			name = "[CP] Check Pods Manifest.lock";
			outputPaths = (
				"$(DERIVED_FILE_DIR)/Pods-sample_iosUITests-checkManifestLockResult.txt",
			);
			runOnlyForDeploymentPostprocessing = 0;
			shellPath = /bin/sh;
			shellScript = "diff \"${PODS_PODFILE_DIR_PATH}/Podfile.lock\" \"${PODS_ROOT}/Manifest.lock\" > /dev/null\nif [ $? != 0 ] ; then\n    # print error to STDERR\n    echo \"error: The sandbox is not in sync with the Podfile.lock. Run 'pod install' or update your CocoaPods installation.\" >&2\n    exit 1\nfi\n# This output is used by Xcode 'outputs' to avoid re-running this script phase.\necho \"SUCCESS\" > \"${SCRIPT_OUTPUT_FILE_0}\"\n";
			showEnvVarsInLog = 0;
		};
		81E40D7FB3B57CC7667F4591 /* [CP] Check Pods Manifest.lock */ = {
			isa = PBXShellScriptBuildPhase;
			buildActionMask = 2147483647;
			files = (
			);
			inputPaths = (
				"${PODS_PODFILE_DIR_PATH}/Podfile.lock",
				"${PODS_ROOT}/Manifest.lock",
			);
			name = "[CP] Check Pods Manifest.lock";
			outputPaths = (
				"$(DERIVED_FILE_DIR)/Pods-sample_ios-checkManifestLockResult.txt",
			);
			runOnlyForDeploymentPostprocessing = 0;
			shellPath = /bin/sh;
			shellScript = "diff \"${PODS_PODFILE_DIR_PATH}/Podfile.lock\" \"${PODS_ROOT}/Manifest.lock\" > /dev/null\nif [ $? != 0 ] ; then\n    # print error to STDERR\n    echo \"error: The sandbox is not in sync with the Podfile.lock. Run 'pod install' or update your CocoaPods installation.\" >&2\n    exit 1\nfi\n# This output is used by Xcode 'outputs' to avoid re-running this script phase.\necho \"SUCCESS\" > \"${SCRIPT_OUTPUT_FILE_0}\"\n";
			showEnvVarsInLog = 0;
		};
/* End PBXShellScriptBuildPhase section */

/* Begin PBXSourcesBuildPhase section */
		4C8B2AD320EC8DC5003034D8 /* Sources */ = {
			isa = PBXSourcesBuildPhase;
			buildActionMask = 2147483647;
			files = (
				4C51B1DB20ECAFF4003AE666 /* CheckNetwork.swift in Sources */,
				4C51B1ED20ECB025003AE666 /* NLoginThirdPartyOAuth20InAppBrowserViewController.m in Sources */,
				4C8B2ADD20EC8DC5003034D8 /* ViewController.swift in Sources */,
				4C51B1E220ECAFFE003AE666 /* SnsLinkHelper.swift in Sources */,
				4C51B1DD20ECAFF4003AE666 /* IntroViewController.swift in Sources */,
				4C51B1DA20ECAFF4003AE666 /* ErrorViewController.swift in Sources */,
				4C51B1DE20ECAFF4003AE666 /* APIHelper.swift in Sources */,
				4C51B1C320ECAFB2003AE666 /* Common.swift in Sources */,
				4C51B1E120ECAFFE003AE666 /* MainViewController.swift in Sources */,
				4C8B2ADB20EC8DC5003034D8 /* AppDelegate.swift in Sources */,
				4C51B1DC20ECAFF4003AE666 /* EventViewController.swift in Sources */,
			);
			runOnlyForDeploymentPostprocessing = 0;
		};
		4C8B2AE720EC8DC7003034D8 /* Sources */ = {
			isa = PBXSourcesBuildPhase;
			buildActionMask = 2147483647;
			files = (
				4C8B2AF020EC8DC7003034D8 /* sample_iosTests.swift in Sources */,
			);
			runOnlyForDeploymentPostprocessing = 0;
		};
		4C8B2AF220EC8DC7003034D8 /* Sources */ = {
			isa = PBXSourcesBuildPhase;
			buildActionMask = 2147483647;
			files = (
				4C8B2AFB20EC8DC7003034D8 /* sample_iosUITests.swift in Sources */,
			);
			runOnlyForDeploymentPostprocessing = 0;
		};
/* End PBXSourcesBuildPhase section */

/* Begin PBXTargetDependency section */
		4C8B2AED20EC8DC7003034D8 /* PBXTargetDependency */ = {
			isa = PBXTargetDependency;
			target = 4C8B2AD620EC8DC5003034D8 /* sample_ios */;
			targetProxy = 4C8B2AEC20EC8DC7003034D8 /* PBXContainerItemProxy */;
		};
		4C8B2AF820EC8DC7003034D8 /* PBXTargetDependency */ = {
			isa = PBXTargetDependency;
			target = 4C8B2AD620EC8DC5003034D8 /* sample_ios */;
			targetProxy = 4C8B2AF720EC8DC7003034D8 /* PBXContainerItemProxy */;
		};
/* End PBXTargetDependency section */

/* Begin PBXVariantGroup section */
		4C8B2AE320EC8DC7003034D8 /* LaunchScreen.storyboard */ = {
			isa = PBXVariantGroup;
			children = (
				4C8B2AE420EC8DC7003034D8 /* Base */,
			);
			name = LaunchScreen.storyboard;
			sourceTree = "<group>";
		};
/* End PBXVariantGroup section */

/* Begin XCBuildConfiguration section */
		4C8B2AFD20EC8DC7003034D8 /* Debug */ = {
			isa = XCBuildConfiguration;
			buildSettings = {
				ALWAYS_SEARCH_USER_PATHS = NO;
				CLANG_ANALYZER_NONNULL = YES;
				CLANG_ANALYZER_NUMBER_OBJECT_CONVERSION = YES_AGGRESSIVE;
				CLANG_CXX_LANGUAGE_STANDARD = "gnu++14";
				CLANG_CXX_LIBRARY = "libc++";
				CLANG_ENABLE_MODULES = YES;
				CLANG_ENABLE_OBJC_ARC = YES;
				CLANG_ENABLE_OBJC_WEAK = YES;
				CLANG_WARN_BLOCK_CAPTURE_AUTORELEASING = YES;
				CLANG_WARN_BOOL_CONVERSION = YES;
				CLANG_WARN_COMMA = YES;
				CLANG_WARN_CONSTANT_CONVERSION = YES;
				CLANG_WARN_DEPRECATED_OBJC_IMPLEMENTATIONS = YES;
				CLANG_WARN_DIRECT_OBJC_ISA_USAGE = YES_ERROR;
				CLANG_WARN_DOCUMENTATION_COMMENTS = YES;
				CLANG_WARN_EMPTY_BODY = YES;
				CLANG_WARN_ENUM_CONVERSION = YES;
				CLANG_WARN_INFINITE_RECURSION = YES;
				CLANG_WARN_INT_CONVERSION = YES;
				CLANG_WARN_NON_LITERAL_NULL_CONVERSION = YES;
				CLANG_WARN_OBJC_IMPLICIT_RETAIN_SELF = YES;
				CLANG_WARN_OBJC_LITERAL_CONVERSION = YES;
				CLANG_WARN_OBJC_ROOT_CLASS = YES_ERROR;
				CLANG_WARN_RANGE_LOOP_ANALYSIS = YES;
				CLANG_WARN_STRICT_PROTOTYPES = YES;
				CLANG_WARN_SUSPICIOUS_MOVE = YES;
				CLANG_WARN_UNGUARDED_AVAILABILITY = YES_AGGRESSIVE;
				CLANG_WARN_UNREACHABLE_CODE = YES;
				CLANG_WARN__DUPLICATE_METHOD_MATCH = YES;
				CODE_SIGN_IDENTITY = "iPhone Developer";
				COPY_PHASE_STRIP = NO;
				DEBUG_INFORMATION_FORMAT = dwarf;
				ENABLE_STRICT_OBJC_MSGSEND = YES;
				ENABLE_TESTABILITY = YES;
				GCC_C_LANGUAGE_STANDARD = gnu11;
				GCC_DYNAMIC_NO_PIC = NO;
				GCC_NO_COMMON_BLOCKS = YES;
				GCC_OPTIMIZATION_LEVEL = 0;
				GCC_PREPROCESSOR_DEFINITIONS = (
					"DEBUG=1",
					"$(inherited)",
				);
				GCC_WARN_64_TO_32_BIT_CONVERSION = YES;
				GCC_WARN_ABOUT_RETURN_TYPE = YES_ERROR;
				GCC_WARN_UNDECLARED_SELECTOR = YES;
				GCC_WARN_UNINITIALIZED_AUTOS = YES_AGGRESSIVE;
				GCC_WARN_UNUSED_FUNCTION = YES;
				GCC_WARN_UNUSED_VARIABLE = YES;
				IPHONEOS_DEPLOYMENT_TARGET = 10.0;
				MTL_ENABLE_DEBUG_INFO = YES;
				ONLY_ACTIVE_ARCH = YES;
				SDKROOT = iphoneos;
				SWIFT_ACTIVE_COMPILATION_CONDITIONS = DEBUG;
				SWIFT_OBJC_BRIDGING_HEADER = "$(PROJECT_NAME)/bridge.h";
				SWIFT_OPTIMIZATION_LEVEL = "-Onone";
			};
			name = Debug;
		};
		4C8B2AFE20EC8DC7003034D8 /* Release */ = {
			isa = XCBuildConfiguration;
			buildSettings = {
				ALWAYS_SEARCH_USER_PATHS = NO;
				CLANG_ANALYZER_NONNULL = YES;
				CLANG_ANALYZER_NUMBER_OBJECT_CONVERSION = YES_AGGRESSIVE;
				CLANG_CXX_LANGUAGE_STANDARD = "gnu++14";
				CLANG_CXX_LIBRARY = "libc++";
				CLANG_ENABLE_MODULES = YES;
				CLANG_ENABLE_OBJC_ARC = YES;
				CLANG_ENABLE_OBJC_WEAK = YES;
				CLANG_WARN_BLOCK_CAPTURE_AUTORELEASING = YES;
				CLANG_WARN_BOOL_CONVERSION = YES;
				CLANG_WARN_COMMA = YES;
				CLANG_WARN_CONSTANT_CONVERSION = YES;
				CLANG_WARN_DEPRECATED_OBJC_IMPLEMENTATIONS = YES;
				CLANG_WARN_DIRECT_OBJC_ISA_USAGE = YES_ERROR;
				CLANG_WARN_DOCUMENTATION_COMMENTS = YES;
				CLANG_WARN_EMPTY_BODY = YES;
				CLANG_WARN_ENUM_CONVERSION = YES;
				CLANG_WARN_INFINITE_RECURSION = YES;
				CLANG_WARN_INT_CONVERSION = YES;
				CLANG_WARN_NON_LITERAL_NULL_CONVERSION = YES;
				CLANG_WARN_OBJC_IMPLICIT_RETAIN_SELF = YES;
				CLANG_WARN_OBJC_LITERAL_CONVERSION = YES;
				CLANG_WARN_OBJC_ROOT_CLASS = YES_ERROR;
				CLANG_WARN_RANGE_LOOP_ANALYSIS = YES;
				CLANG_WARN_STRICT_PROTOTYPES = YES;
				CLANG_WARN_SUSPICIOUS_MOVE = YES;
				CLANG_WARN_UNGUARDED_AVAILABILITY = YES_AGGRESSIVE;
				CLANG_WARN_UNREACHABLE_CODE = YES;
				CLANG_WARN__DUPLICATE_METHOD_MATCH = YES;
				CODE_SIGN_IDENTITY = "iPhone Developer";
				COPY_PHASE_STRIP = NO;
				DEBUG_INFORMATION_FORMAT = "dwarf-with-dsym";
				ENABLE_NS_ASSERTIONS = NO;
				ENABLE_STRICT_OBJC_MSGSEND = YES;
				GCC_C_LANGUAGE_STANDARD = gnu11;
				GCC_NO_COMMON_BLOCKS = YES;
				GCC_WARN_64_TO_32_BIT_CONVERSION = YES;
				GCC_WARN_ABOUT_RETURN_TYPE = YES_ERROR;
				GCC_WARN_UNDECLARED_SELECTOR = YES;
				GCC_WARN_UNINITIALIZED_AUTOS = YES_AGGRESSIVE;
				GCC_WARN_UNUSED_FUNCTION = YES;
				GCC_WARN_UNUSED_VARIABLE = YES;
				IPHONEOS_DEPLOYMENT_TARGET = 10.0;
				MTL_ENABLE_DEBUG_INFO = NO;
				SDKROOT = iphoneos;
				SWIFT_COMPILATION_MODE = wholemodule;
				SWIFT_OBJC_BRIDGING_HEADER = "$(PROJECT_NAME)/bridge.h";
				SWIFT_OPTIMIZATION_LEVEL = "-O";
				VALIDATE_PRODUCT = YES;
			};
			name = Release;
		};
		4C8B2B0020EC8DC7003034D8 /* Debug */ = {
			isa = XCBuildConfiguration;
			baseConfigurationReference = 9181384C02817DE4481032D0 /* Pods-sample_ios.debug.xcconfig */;
			buildSettings = {
				ASSETCATALOG_COMPILER_APPICON_NAME = AppIcon;
				CODE_SIGN_ENTITLEMENTS = sample_ios/sample_ios.entitlements;
				CODE_SIGN_STYLE = Automatic;
				DEVELOPMENT_TEAM = GZUCLFV3B6;
				FRAMEWORK_SEARCH_PATHS = (
					"$(inherited)",
					"$(PROJECT_DIR)",
				);
				INFOPLIST_FILE = sample_ios/Info.plist;
				LD_RUNPATH_SEARCH_PATHS = (
					"$(inherited)",
					"@executable_path/Frameworks",
				);
				LIBRARY_SEARCH_PATHS = (
					"$(inherited)",
					"$(PROJECT_DIR)/Naver",
				);
				PRODUCT_BUNDLE_IDENTIFIER = dreamteams.ios.test;
				PRODUCT_NAME = "$(TARGET_NAME)";
				SWIFT_VERSION = 4.0;
				TARGETED_DEVICE_FAMILY = 1;
			};
			name = Debug;
		};
		4C8B2B0120EC8DC7003034D8 /* Release */ = {
			isa = XCBuildConfiguration;
			baseConfigurationReference = 88848851F9AFDD58FC898D13 /* Pods-sample_ios.release.xcconfig */;
			buildSettings = {
				ASSETCATALOG_COMPILER_APPICON_NAME = AppIcon;
				CODE_SIGN_ENTITLEMENTS = sample_ios/sample_ios.entitlements;
				CODE_SIGN_STYLE = Automatic;
				DEVELOPMENT_TEAM = GZUCLFV3B6;
				FRAMEWORK_SEARCH_PATHS = (
					"$(inherited)",
					"$(PROJECT_DIR)",
				);
				INFOPLIST_FILE = sample_ios/Info.plist;
				LD_RUNPATH_SEARCH_PATHS = (
					"$(inherited)",
					"@executable_path/Frameworks",
				);
				LIBRARY_SEARCH_PATHS = (
					"$(inherited)",
					"$(PROJECT_DIR)/Naver",
				);
				PRODUCT_BUNDLE_IDENTIFIER = dreamteams.ios.test;
				PRODUCT_NAME = "$(TARGET_NAME)";
				SWIFT_VERSION = 4.0;
				TARGETED_DEVICE_FAMILY = 1;
			};
			name = Release;
		};
		4C8B2B0320EC8DC7003034D8 /* Debug */ = {
			isa = XCBuildConfiguration;
			baseConfigurationReference = 1B32C983C6A0C15E87B4AC93 /* Pods-sample_iosTests.debug.xcconfig */;
			buildSettings = {
				ALWAYS_EMBED_SWIFT_STANDARD_LIBRARIES = YES;
				BUNDLE_LOADER = "$(TEST_HOST)";
				CODE_SIGN_STYLE = Automatic;
				DEVELOPMENT_TEAM = GZUCLFV3B6;
				INFOPLIST_FILE = sample_iosTests/Info.plist;
				LD_RUNPATH_SEARCH_PATHS = (
					"$(inherited)",
					"@executable_path/Frameworks",
					"@loader_path/Frameworks",
				);
				PRODUCT_BUNDLE_IDENTIFIER = "kr.co.dreamteams.sample-iosTests";
				PRODUCT_NAME = "$(TARGET_NAME)";
				SWIFT_VERSION = 4.0;
				TARGETED_DEVICE_FAMILY = "1,2";
				TEST_HOST = "$(BUILT_PRODUCTS_DIR)/sample_ios.app/sample_ios";
			};
			name = Debug;
		};
		4C8B2B0420EC8DC7003034D8 /* Release */ = {
			isa = XCBuildConfiguration;
			baseConfigurationReference = 61E7203136EC46728CFC5E6A /* Pods-sample_iosTests.release.xcconfig */;
			buildSettings = {
				ALWAYS_EMBED_SWIFT_STANDARD_LIBRARIES = YES;
				BUNDLE_LOADER = "$(TEST_HOST)";
				CODE_SIGN_STYLE = Automatic;
				DEVELOPMENT_TEAM = GZUCLFV3B6;
				INFOPLIST_FILE = sample_iosTests/Info.plist;
				LD_RUNPATH_SEARCH_PATHS = (
					"$(inherited)",
					"@executable_path/Frameworks",
					"@loader_path/Frameworks",
				);
				PRODUCT_BUNDLE_IDENTIFIER = "kr.co.dreamteams.sample-iosTests";
				PRODUCT_NAME = "$(TARGET_NAME)";
				SWIFT_VERSION = 4.0;
				TARGETED_DEVICE_FAMILY = "1,2";
				TEST_HOST = "$(BUILT_PRODUCTS_DIR)/sample_ios.app/sample_ios";
			};
			name = Release;
		};
		4C8B2B0620EC8DC7003034D8 /* Debug */ = {
			isa = XCBuildConfiguration;
			baseConfigurationReference = DBE577D879441D02C1B5C7F0 /* Pods-sample_iosUITests.debug.xcconfig */;
			buildSettings = {
				ALWAYS_EMBED_SWIFT_STANDARD_LIBRARIES = YES;
				CODE_SIGN_STYLE = Automatic;
				DEVELOPMENT_TEAM = GZUCLFV3B6;
				INFOPLIST_FILE = sample_iosUITests/Info.plist;
				LD_RUNPATH_SEARCH_PATHS = (
					"$(inherited)",
					"@executable_path/Frameworks",
					"@loader_path/Frameworks",
				);
				PRODUCT_BUNDLE_IDENTIFIER = "kr.co.dreamteams.sample-iosUITests";
				PRODUCT_NAME = "$(TARGET_NAME)";
				SWIFT_VERSION = 4.0;
				TARGETED_DEVICE_FAMILY = "1,2";
				TEST_TARGET_NAME = sample_ios;
			};
			name = Debug;
		};
		4C8B2B0720EC8DC7003034D8 /* Release */ = {
			isa = XCBuildConfiguration;
			baseConfigurationReference = 25903C9107912B01F5E82A8D /* Pods-sample_iosUITests.release.xcconfig */;
			buildSettings = {
				ALWAYS_EMBED_SWIFT_STANDARD_LIBRARIES = YES;
				CODE_SIGN_STYLE = Automatic;
				DEVELOPMENT_TEAM = GZUCLFV3B6;
				INFOPLIST_FILE = sample_iosUITests/Info.plist;
				LD_RUNPATH_SEARCH_PATHS = (
					"$(inherited)",
					"@executable_path/Frameworks",
					"@loader_path/Frameworks",
				);
				PRODUCT_BUNDLE_IDENTIFIER = "kr.co.dreamteams.sample-iosUITests";
				PRODUCT_NAME = "$(TARGET_NAME)";
				SWIFT_VERSION = 4.0;
				TARGETED_DEVICE_FAMILY = "1,2";
				TEST_TARGET_NAME = sample_ios;
			};
			name = Release;
		};
/* End XCBuildConfiguration section */

/* Begin XCConfigurationList section */
		4C8B2AD220EC8DC5003034D8 /* Build configuration list for PBXProject "sample_ios" */ = {
			isa = XCConfigurationList;
			buildConfigurations = (
				4C8B2AFD20EC8DC7003034D8 /* Debug */,
				4C8B2AFE20EC8DC7003034D8 /* Release */,
			);
			defaultConfigurationIsVisible = 0;
			defaultConfigurationName = Release;
		};
		4C8B2AFF20EC8DC7003034D8 /* Build configuration list for PBXNativeTarget "sample_ios" */ = {
			isa = XCConfigurationList;
			buildConfigurations = (
				4C8B2B0020EC8DC7003034D8 /* Debug */,
				4C8B2B0120EC8DC7003034D8 /* Release */,
			);
			defaultConfigurationIsVisible = 0;
			defaultConfigurationName = Release;
		};
		4C8B2B0220EC8DC7003034D8 /* Build configuration list for PBXNativeTarget "sample_iosTests" */ = {
			isa = XCConfigurationList;
			buildConfigurations = (
				4C8B2B0320EC8DC7003034D8 /* Debug */,
				4C8B2B0420EC8DC7003034D8 /* Release */,
			);
			defaultConfigurationIsVisible = 0;
			defaultConfigurationName = Release;
		};
		4C8B2B0520EC8DC7003034D8 /* Build configuration list for PBXNativeTarget "sample_iosUITests" */ = {
			isa = XCConfigurationList;
			buildConfigurations = (
				4C8B2B0620EC8DC7003034D8 /* Debug */,
				4C8B2B0720EC8DC7003034D8 /* Release */,
			);
			defaultConfigurationIsVisible = 0;
			defaultConfigurationName = Release;
		};
/* End XCConfigurationList section */
	};
	rootObject = 4C8B2ACF20EC8DC5003034D8 /* Project object */;
}
