// !$*UTF8*$!
{
	archiveVersion = 1;
	classes = {
	};
	objectVersion = 50;
	objects = {

/* Begin PBXBuildFile section */
		4C8B2ADB20EC8DC5003034D8 /* AppDelegate.swift in Sources */ = {isa = PBXBuildFile; fileRef = 4C8B2ADA20EC8DC5003034D8 /* AppDelegate.swift */; };
		4C8B2ADD20EC8DC5003034D8 /* ViewController.swift in Sources */ = {isa = PBXBuildFile; fileRef = 4C8B2ADC20EC8DC5003034D8 /* ViewController.swift */; };
		4C8B2AE020EC8DC5003034D8 /* Main.storyboard in Resources */ = {isa = PBXBuildFile; fileRef = 4C8B2ADE20EC8DC5003034D8 /* Main.storyboard */; };
		4C8B2AE220EC8DC7003034D8 /* Assets.xcassets in Resources */ = {isa = PBXBuildFile; fileRef = 4C8B2AE120EC8DC7003034D8 /* Assets.xcassets */; };
		4C8B2AE520EC8DC7003034D8 /* LaunchScreen.storyboard in Resources */ = {isa = PBXBuildFile; fileRef = 4C8B2AE320EC8DC7003034D8 /* LaunchScreen.storyboard */; };
		4C8B2AF020EC8DC7003034D8 /* sample_iosTests.swift in Sources */ = {isa = PBXBuildFile; fileRef = 4C8B2AEF20EC8DC7003034D8 /* sample_iosTests.swift */; };
		4C8B2AFB20EC8DC7003034D8 /* sample_iosUITests.swift in Sources */ = {isa = PBXBuildFile; fileRef = 4C8B2AFA20EC8DC7003034D8 /* sample_iosUITests.swift */; };
/* End PBXBuildFile section */

/* Begin PBXContainerItemProxy section */
		4C8B2AEC20EC8DC7003034D8 /* PBXContainerItemProxy */ = {
			isa = PBXContainerItemProxy;
			containerPortal = 4C8B2ACF20EC8DC5003034D8 /* Project object */;
			proxyType = 1;
			remoteGlobalIDString = 4C8B2AD620EC8DC5003034D8;
			remoteInfo = sample_ios;
		};
		4C8B2AF720EC8DC7003034D8 /* PBXContainerItemProxy */ = {
			isa = PBXContainerItemProxy;
			containerPortal = 4C8B2ACF20EC8DC5003034D8 /* Project object */;
			proxyType = 1;
			remoteGlobalIDString = 4C8B2AD620EC8DC5003034D8;
			remoteInfo = sample_ios;
		};
/* End PBXContainerItemProxy section */

/* Begin PBXFileReference section */
		4C8B2AD720EC8DC5003034D8 /* sample_ios.app */ = {isa = PBXFileReference; explicitFileType = wrapper.application; includeInIndex = 0; path = sample_ios.app; sourceTree = BUILT_PRODUCTS_DIR; };
		4C8B2ADA20EC8DC5003034D8 /* AppDelegate.swift */ = {isa = PBXFileReference; lastKnownFileType = sourcecode.swift; path = AppDelegate.swift; sourceTree = "<group>"; };
		4C8B2ADC20EC8DC5003034D8 /* ViewController.swift */ = {isa = PBXFileReference; lastKnownFileType = sourcecode.swift; path = ViewController.swift; sourceTree = "<group>"; };
		4C8B2ADF20EC8DC5003034D8 /* Base */ = {isa = PBXFileReference; lastKnownFileType = file.storyboard; name = Base; path = Base.lproj/Main.storyboard; sourceTree = "<group>"; };
		4C8B2AE120EC8DC7003034D8 /* Assets.xcassets */ = {isa = PBXFileReference; lastKnownFileType = folder.assetcatalog; path = Assets.xcassets; sourceTree = "<group>"; };
		4C8B2AE420EC8DC7003034D8 /* Base */ = {isa = PBXFileReference; lastKnownFileType = file.storyboard; name = Base; path = Base.lproj/LaunchScreen.storyboard; sourceTree = "<group>"; };
		4C8B2AE620EC8DC7003034D8 /* Info.plist */ = {isa = PBXFileReference; lastKnownFileType = text.plist.xml; path = Info.plist; sourceTree = "<group>"; };
		4C8B2AEB20EC8DC7003034D8 /* sample_iosTests.xctest */ = {isa = PBXFileReference; explicitFileType = wrapper.cfbundle; includeInIndex = 0; path = sample_iosTests.xctest; sourceTree = BUILT_PRODUCTS_DIR; };
		4C8B2AEF20EC8DC7003034D8 /* sample_iosTests.swift */ = {isa = PBXFileReference; lastKnownFileType = sourcecode.swift; path = sample_iosTests.swift; sourceTree = "<group>"; };
		4C8B2AF120EC8DC7003034D8 /* Info.plist */ = {isa = PBXFileReference; lastKnownFileType = text.plist.xml; path = Info.plist; sourceTree = "<group>"; };
		4C8B2AF620EC8DC7003034D8 /* sample_iosUITests.xctest */ = {isa = PBXFileReference; explicitFileType = wrapper.cfbundle; includeInIndex = 0; path = sample_iosUITests.xctest; sourceTree = BUILT_PRODUCTS_DIR; };
		4C8B2AFA20EC8DC7003034D8 /* sample_iosUITests.swift */ = {isa = PBXFileReference; lastKnownFileType = sourcecode.swift; path = sample_iosUITests.swift; sourceTree = "<group>"; };
		4C8B2AFC20EC8DC7003034D8 /* Info.plist */ = {isa = PBXFileReference; lastKnownFileType = text.plist.xml; path = Info.plist; sourceTree = "<group>"; };
/* End PBXFileReference section */

/* Begin PBXFrameworksBuildPhase section */
		4C8B2AD420EC8DC5003034D8 /* Frameworks */ = {
			isa = PBXFrameworksBuildPhase;
			buildActionMask = 2147483647;
			files = (
			);
			runOnlyForDeploymentPostprocessing = 0;
		};
		4C8B2AE820EC8DC7003034D8 /* Frameworks */ = {
			isa = PBXFrameworksBuildPhase;
			buildActionMask = 2147483647;
			files = (
			);
			runOnlyForDeploymentPostprocessing = 0;
		};
		4C8B2AF320EC8DC7003034D8 /* Frameworks */ = {
			isa = PBXFrameworksBuildPhase;
			buildActionMask = 2147483647;
			files = (
			);
			runOnlyForDeploymentPostprocessing = 0;
		};
/* End PBXFrameworksBuildPhase section */

/* Begin PBXGroup section */
		4C8B2ACE20EC8DC5003034D8 = {
			isa = PBXGroup;
			children = (
				4C8B2AD920EC8DC5003034D8 /* sample_ios */,
				4C8B2AEE20EC8DC7003034D8 /* sample_iosTests */,
				4C8B2AF920EC8DC7003034D8 /* sample_iosUITests */,
				4C8B2AD820EC8DC5003034D8 /* Products */,
			);
			sourceTree = "<group>";
		};
		4C8B2AD820EC8DC5003034D8 /* Products */ = {
			isa = PBXGroup;
			children = (
				4C8B2AD720EC8DC5003034D8 /* sample_ios.app */,
				4C8B2AEB20EC8DC7003034D8 /* sample_iosTests.xctest */,
				4C8B2AF620EC8DC7003034D8 /* sample_iosUITests.xctest */,
			);
			name = Products;
			sourceTree = "<group>";
		};
		4C8B2AD920EC8DC5003034D8 /* sample_ios */ = {
			isa = PBXGroup;
			children = (
				4C8B2ADA20EC8DC5003034D8 /* AppDelegate.swift */,
				4C8B2ADC20EC8DC5003034D8 /* ViewController.swift */,
				4C8B2ADE20EC8DC5003034D8 /* Main.storyboard */,
				4C8B2AE120EC8DC7003034D8 /* Assets.xcassets */,
				4C8B2AE320EC8DC7003034D8 /* LaunchScreen.storyboard */,
				4C8B2AE620EC8DC7003034D8 /* Info.plist */,
			);
			path = sample_ios;
			sourceTree = "<group>";
		};
		4C8B2AEE20EC8DC7003034D8 /* sample_iosTests */ = {
			isa = PBXGroup;
			children = (
				4C8B2AEF20EC8DC7003034D8 /* sample_iosTests.swift */,
				4C8B2AF120EC8DC7003034D8 /* Info.plist */,
			);
			path = sample_iosTests;
			sourceTree = "<group>";
		};
		4C8B2AF920EC8DC7003034D8 /* sample_iosUITests */ = {
			isa = PBXGroup;
			children = (
				4C8B2AFA20EC8DC7003034D8 /* sample_iosUITests.swift */,
				4C8B2AFC20EC8DC7003034D8 /* Info.plist */,
			);
			path = sample_iosUITests;
			sourceTree = "<group>";
		};
/* End PBXGroup section */

/* Begin PBXNativeTarget section */
		4C8B2AD620EC8DC5003034D8 /* sample_ios */ = {
			isa = PBXNativeTarget;
			buildConfigurationList = 4C8B2AFF20EC8DC7003034D8 /* Build configuration list for PBXNativeTarget "sample_ios" */;
			buildPhases = (
				4C8B2AD320EC8DC5003034D8 /* Sources */,
				4C8B2AD420EC8DC5003034D8 /* Frameworks */,
				4C8B2AD520EC8DC5003034D8 /* Resources */,
			);
			buildRules = (
			);
			dependencies = (
			);
			name = sample_ios;
			productName = sample_ios;
			productReference = 4C8B2AD720EC8DC5003034D8 /* sample_ios.app */;
			productType = "com.apple.product-type.application";
		};
		4C8B2AEA20EC8DC7003034D8 /* sample_iosTests */ = {
			isa = PBXNativeTarget;
			buildConfigurationList = 4C8B2B0220EC8DC7003034D8 /* Build configuration list for PBXNativeTarget "sample_iosTests" */;
			buildPhases = (
				4C8B2AE720EC8DC7003034D8 /* Sources */,
				4C8B2AE820EC8DC7003034D8 /* Frameworks */,
				4C8B2AE920EC8DC7003034D8 /* Resources */,
			);
			buildRules = (
			);
			dependencies = (
				4C8B2AED20EC8DC7003034D8 /* PBXTargetDependency */,
			);
			name = sample_iosTests;
			productName = sample_iosTests;
			productReference = 4C8B2AEB20EC8DC7003034D8 /* sample_iosTests.xctest */;
			productType = "com.apple.product-type.bundle.unit-test";
		};
		4C8B2AF520EC8DC7003034D8 /* sample_iosUITests */ = {
			isa = PBXNativeTarget;
			buildConfigurationList = 4C8B2B0520EC8DC7003034D8 /* Build configuration list for PBXNativeTarget "sample_iosUITests" */;
			buildPhases = (
				4C8B2AF220EC8DC7003034D8 /* Sources */,
				4C8B2AF320EC8DC7003034D8 /* Frameworks */,
				4C8B2AF420EC8DC7003034D8 /* Resources */,
			);
			buildRules = (
			);
			dependencies = (
				4C8B2AF820EC8DC7003034D8 /* PBXTargetDependency */,
			);
			name = sample_iosUITests;
			productName = sample_iosUITests;
			productReference = 4C8B2AF620EC8DC7003034D8 /* sample_iosUITests.xctest */;
			productType = "com.apple.product-type.bundle.ui-testing";
		};
/* End PBXNativeTarget section */

/* Begin PBXProject section */
		4C8B2ACF20EC8DC5003034D8 /* Project object */ = {
			isa = PBXProject;
			attributes = {
				LastSwiftUpdateCheck = 0940;
				LastUpgradeCheck = 0940;
				ORGANIZATIONNAME = dreamteams;
				TargetAttributes = {
					4C8B2AD620EC8DC5003034D8 = {
						CreatedOnToolsVersion = 9.4.1;
					};
					4C8B2AEA20EC8DC7003034D8 = {
						CreatedOnToolsVersion = 9.4.1;
						TestTargetID = 4C8B2AD620EC8DC5003034D8;
					};
					4C8B2AF520EC8DC7003034D8 = {
						CreatedOnToolsVersion = 9.4.1;
						TestTargetID = 4C8B2AD620EC8DC5003034D8;
					};
				};
			};
			buildConfigurationList = 4C8B2AD220EC8DC5003034D8 /* Build configuration list for PBXProject "sample_ios" */;
			compatibilityVersion = "Xcode 9.3";
			developmentRegion = en;
			hasScannedForEncodings = 0;
			knownRegions = (
				en,
				Base,
			);
			mainGroup = 4C8B2ACE20EC8DC5003034D8;
			productRefGroup = 4C8B2AD820EC8DC5003034D8 /* Products */;
			projectDirPath = "";
			projectRoot = "";
			targets = (
				4C8B2AD620EC8DC5003034D8 /* sample_ios */,
				4C8B2AEA20EC8DC7003034D8 /* sample_iosTests */,
				4C8B2AF520EC8DC7003034D8 /* sample_iosUITests */,
			);
		};
/* End PBXProject section */

/* Begin PBXResourcesBuildPhase section */
		4C8B2AD520EC8DC5003034D8 /* Resources */ = {
			isa = PBXResourcesBuildPhase;
			buildActionMask = 2147483647;
			files = (
				4C8B2AE520EC8DC7003034D8 /* LaunchScreen.storyboard in Resources */,
				4C8B2AE220EC8DC7003034D8 /* Assets.xcassets in Resources */,
				4C8B2AE020EC8DC5003034D8 /* Main.storyboard in Resources */,
			);
			runOnlyForDeploymentPostprocessing = 0;
		};
		4C8B2AE920EC8DC7003034D8 /* Resources */ = {
			isa = PBXResourcesBuildPhase;
			buildActionMask = 2147483647;
			files = (
			);
			runOnlyForDeploymentPostprocessing = 0;
		};
		4C8B2AF420EC8DC7003034D8 /* Resources */ = {
			isa = PBXResourcesBuildPhase;
			buildActionMask = 2147483647;
			files = (
			);
			runOnlyForDeploymentPostprocessing = 0;
		};
/* End PBXResourcesBuildPhase section */

/* Begin PBXSourcesBuildPhase section */
		4C8B2AD320EC8DC5003034D8 /* Sources */ = {
			isa = PBXSourcesBuildPhase;
			buildActionMask = 2147483647;
			files = (
				4C8B2ADD20EC8DC5003034D8 /* ViewController.swift in Sources */,
				4C8B2ADB20EC8DC5003034D8 /* AppDelegate.swift in Sources */,
			);
			runOnlyForDeploymentPostprocessing = 0;
		};
		4C8B2AE720EC8DC7003034D8 /* Sources */ = {
			isa = PBXSourcesBuildPhase;
			buildActionMask = 2147483647;
			files = (
				4C8B2AF020EC8DC7003034D8 /* sample_iosTests.swift in Sources */,
			);
			runOnlyForDeploymentPostprocessing = 0;
		};
		4C8B2AF220EC8DC7003034D8 /* Sources */ = {
			isa = PBXSourcesBuildPhase;
			buildActionMask = 2147483647;
			files = (
				4C8B2AFB20EC8DC7003034D8 /* sample_iosUITests.swift in Sources */,
			);
			runOnlyForDeploymentPostprocessing = 0;
		};
/* End PBXSourcesBuildPhase section */

/* Begin PBXTargetDependency section */
		4C8B2AED20EC8DC7003034D8 /* PBXTargetDependency */ = {
			isa = PBXTargetDependency;
			target = 4C8B2AD620EC8DC5003034D8 /* sample_ios */;
			targetProxy = 4C8B2AEC20EC8DC7003034D8 /* PBXContainerItemProxy */;
		};
		4C8B2AF820EC8DC7003034D8 /* PBXTargetDependency */ = {
			isa = PBXTargetDependency;
			target = 4C8B2AD620EC8DC5003034D8 /* sample_ios */;
			targetProxy = 4C8B2AF720EC8DC7003034D8 /* PBXContainerItemProxy */;
		};
/* End PBXTargetDependency section */

/* Begin PBXVariantGroup section */
		4C8B2ADE20EC8DC5003034D8 /* Main.storyboard */ = {
			isa = PBXVariantGroup;
			children = (
				4C8B2ADF20EC8DC5003034D8 /* Base */,
			);
			name = Main.storyboard;
			sourceTree = "<group>";
		};
		4C8B2AE320EC8DC7003034D8 /* LaunchScreen.storyboard */ = {
			isa = PBXVariantGroup;
			children = (
				4C8B2AE420EC8DC7003034D8 /* Base */,
			);
			name = LaunchScreen.storyboard;
			sourceTree = "<group>";
		};
/* End PBXVariantGroup section */

/* Begin XCBuildConfiguration section */
		4C8B2AFD20EC8DC7003034D8 /* Debug */ = {
			isa = XCBuildConfiguration;
			buildSettings = {
				ALWAYS_SEARCH_USER_PATHS = NO;
				CLANG_ANALYZER_NONNULL = YES;
				CLANG_ANALYZER_NUMBER_OBJECT_CONVERSION = YES_AGGRESSIVE;
				CLANG_CXX_LANGUAGE_STANDARD = "gnu++14";
				CLANG_CXX_LIBRARY = "libc++";
				CLANG_ENABLE_MODULES = YES;
				CLANG_ENABLE_OBJC_ARC = YES;
				CLANG_ENABLE_OBJC_WEAK = YES;
				CLANG_WARN_BLOCK_CAPTURE_AUTORELEASING = YES;
				CLANG_WARN_BOOL_CONVERSION = YES;
				CLANG_WARN_COMMA = YES;
				CLANG_WARN_CONSTANT_CONVERSION = YES;
				CLANG_WARN_DEPRECATED_OBJC_IMPLEMENTATIONS = YES;
				CLANG_WARN_DIRECT_OBJC_ISA_USAGE = YES_ERROR;
				CLANG_WARN_DOCUMENTATION_COMMENTS = YES;
				CLANG_WARN_EMPTY_BODY = YES;
				CLANG_WARN_ENUM_CONVERSION = YES;
				CLANG_WARN_INFINITE_RECURSION = YES;
				CLANG_WARN_INT_CONVERSION = YES;
				CLANG_WARN_NON_LITERAL_NULL_CONVERSION = YES;
				CLANG_WARN_OBJC_IMPLICIT_RETAIN_SELF = YES;
				CLANG_WARN_OBJC_LITERAL_CONVERSION = YES;
				CLANG_WARN_OBJC_ROOT_CLASS = YES_ERROR;
				CLANG_WARN_RANGE_LOOP_ANALYSIS = YES;
				CLANG_WARN_STRICT_PROTOTYPES = YES;
				CLANG_WARN_SUSPICIOUS_MOVE = YES;
				CLANG_WARN_UNGUARDED_AVAILABILITY = YES_AGGRESSIVE;
				CLANG_WARN_UNREACHABLE_CODE = YES;
				CLANG_WARN__DUPLICATE_METHOD_MATCH = YES;
				CODE_SIGN_IDENTITY = "iPhone Developer";
				COPY_PHASE_STRIP = NO;
				DEBUG_INFORMATION_FORMAT = dwarf;
				ENABLE_STRICT_OBJC_MSGSEND = YES;
				ENABLE_TESTABILITY = YES;
				GCC_C_LANGUAGE_STANDARD = gnu11;
				GCC_DYNAMIC_NO_PIC = NO;
				GCC_NO_COMMON_BLOCKS = YES;
				GCC_OPTIMIZATION_LEVEL = 0;
				GCC_PREPROCESSOR_DEFINITIONS = (
					"DEBUG=1",
					"$(inherited)",
				);
				GCC_WARN_64_TO_32_BIT_CONVERSION = YES;
				GCC_WARN_ABOUT_RETURN_TYPE = YES_ERROR;
				GCC_WARN_UNDECLARED_SELECTOR = YES;
				GCC_WARN_UNINITIALIZED_AUTOS = YES_AGGRESSIVE;
				GCC_WARN_UNUSED_FUNCTION = YES;
				GCC_WARN_UNUSED_VARIABLE = YES;
				IPHONEOS_DEPLOYMENT_TARGET = 11.4;
				MTL_ENABLE_DEBUG_INFO = YES;
				ONLY_ACTIVE_ARCH = YES;
				SDKROOT = iphoneos;
				SWIFT_ACTIVE_COMPILATION_CONDITIONS = DEBUG;
				SWIFT_OPTIMIZATION_LEVEL = "-Onone";
			};
			name = Debug;
		};
		4C8B2AFE20EC8DC7003034D8 /* Release */ = {
			isa = XCBuildConfiguration;
			buildSettings = {
				ALWAYS_SEARCH_USER_PATHS = NO;
				CLANG_ANALYZER_NONNULL = YES;
				CLANG_ANALYZER_NUMBER_OBJECT_CONVERSION = YES_AGGRESSIVE;
				CLANG_CXX_LANGUAGE_STANDARD = "gnu++14";
				CLANG_CXX_LIBRARY = "libc++";
				CLANG_ENABLE_MODULES = YES;
				CLANG_ENABLE_OBJC_ARC = YES;
				CLANG_ENABLE_OBJC_WEAK = YES;
				CLANG_WARN_BLOCK_CAPTURE_AUTORELEASING = YES;
				CLANG_WARN_BOOL_CONVERSION = YES;
				CLANG_WARN_COMMA = YES;
				CLANG_WARN_CONSTANT_CONVERSION = YES;
				CLANG_WARN_DEPRECATED_OBJC_IMPLEMENTATIONS = YES;
				CLANG_WARN_DIRECT_OBJC_ISA_USAGE = YES_ERROR;
				CLANG_WARN_DOCUMENTATION_COMMENTS = YES;
				CLANG_WARN_EMPTY_BODY = YES;
				CLANG_WARN_ENUM_CONVERSION = YES;
				CLANG_WARN_INFINITE_RECURSION = YES;
				CLANG_WARN_INT_CONVERSION = YES;
				CLANG_WARN_NON_LITERAL_NULL_CONVERSION = YES;
				CLANG_WARN_OBJC_IMPLICIT_RETAIN_SELF = YES;
				CLANG_WARN_OBJC_LITERAL_CONVERSION = YES;
				CLANG_WARN_OBJC_ROOT_CLASS = YES_ERROR;
				CLANG_WARN_RANGE_LOOP_ANALYSIS = YES;
				CLANG_WARN_STRICT_PROTOTYPES = YES;
				CLANG_WARN_SUSPICIOUS_MOVE = YES;
				CLANG_WARN_UNGUARDED_AVAILABILITY = YES_AGGRESSIVE;
				CLANG_WARN_UNREACHABLE_CODE = YES;
				CLANG_WARN__DUPLICATE_METHOD_MATCH = YES;
				CODE_SIGN_IDENTITY = "iPhone Developer";
				COPY_PHASE_STRIP = NO;
				DEBUG_INFORMATION_FORMAT = "dwarf-with-dsym";
				ENABLE_NS_ASSERTIONS = NO;
				ENABLE_STRICT_OBJC_MSGSEND = YES;
				GCC_C_LANGUAGE_STANDARD = gnu11;
				GCC_NO_COMMON_BLOCKS = YES;
				GCC_WARN_64_TO_32_BIT_CONVERSION = YES;
				GCC_WARN_ABOUT_RETURN_TYPE = YES_ERROR;
				GCC_WARN_UNDECLARED_SELECTOR = YES;
				GCC_WARN_UNINITIALIZED_AUTOS = YES_AGGRESSIVE;
				GCC_WARN_UNUSED_FUNCTION = YES;
				GCC_WARN_UNUSED_VARIABLE = YES;
				IPHONEOS_DEPLOYMENT_TARGET = 11.4;
				MTL_ENABLE_DEBUG_INFO = NO;
				SDKROOT = iphoneos;
				SWIFT_COMPILATION_MODE = wholemodule;
				SWIFT_OPTIMIZATION_LEVEL = "-O";
				VALIDATE_PRODUCT = YES;
			};
			name = Release;
		};
		4C8B2B0020EC8DC7003034D8 /* Debug */ = {
			isa = XCBuildConfiguration;
			buildSettings = {
				ASSETCATALOG_COMPILER_APPICON_NAME = AppIcon;
				CODE_SIGN_STYLE = Automatic;
				DEVELOPMENT_TEAM = GZUCLFV3B6;
				INFOPLIST_FILE = sample_ios/Info.plist;
				LD_RUNPATH_SEARCH_PATHS = (
					"$(inherited)",
					"@executable_path/Frameworks",
				);
				PRODUCT_BUNDLE_IDENTIFIER = "kr.co.dreamteams.sample-ios";
				PRODUCT_NAME = "$(TARGET_NAME)";
				SWIFT_VERSION = 4.0;
				TARGETED_DEVICE_FAMILY = "1,2";
			};
			name = Debug;
		};
		4C8B2B0120EC8DC7003034D8 /* Release */ = {
			isa = XCBuildConfiguration;
			buildSettings = {
				ASSETCATALOG_COMPILER_APPICON_NAME = AppIcon;
				CODE_SIGN_STYLE = Automatic;
				DEVELOPMENT_TEAM = GZUCLFV3B6;
				INFOPLIST_FILE = sample_ios/Info.plist;
				LD_RUNPATH_SEARCH_PATHS = (
					"$(inherited)",
					"@executable_path/Frameworks",
				);
				PRODUCT_BUNDLE_IDENTIFIER = "kr.co.dreamteams.sample-ios";
				PRODUCT_NAME = "$(TARGET_NAME)";
				SWIFT_VERSION = 4.0;
				TARGETED_DEVICE_FAMILY = "1,2";
			};
			name = Release;
		};
		4C8B2B0320EC8DC7003034D8 /* Debug */ = {
			isa = XCBuildConfiguration;
			buildSettings = {
				ALWAYS_EMBED_SWIFT_STANDARD_LIBRARIES = YES;
				BUNDLE_LOADER = "$(TEST_HOST)";
				CODE_SIGN_STYLE = Automatic;
				DEVELOPMENT_TEAM = GZUCLFV3B6;
				INFOPLIST_FILE = sample_iosTests/Info.plist;
				LD_RUNPATH_SEARCH_PATHS = (
					"$(inherited)",
					"@executable_path/Frameworks",
					"@loader_path/Frameworks",
				);
				PRODUCT_BUNDLE_IDENTIFIER = "kr.co.dreamteams.sample-iosTests";
				PRODUCT_NAME = "$(TARGET_NAME)";
				SWIFT_VERSION = 4.0;
				TARGETED_DEVICE_FAMILY = "1,2";
				TEST_HOST = "$(BUILT_PRODUCTS_DIR)/sample_ios.app/sample_ios";
			};
			name = Debug;
		};
		4C8B2B0420EC8DC7003034D8 /* Release */ = {
			isa = XCBuildConfiguration;
			buildSettings = {
				ALWAYS_EMBED_SWIFT_STANDARD_LIBRARIES = YES;
				BUNDLE_LOADER = "$(TEST_HOST)";
				CODE_SIGN_STYLE = Automatic;
				DEVELOPMENT_TEAM = GZUCLFV3B6;
				INFOPLIST_FILE = sample_iosTests/Info.plist;
				LD_RUNPATH_SEARCH_PATHS = (
					"$(inherited)",
					"@executable_path/Frameworks",
					"@loader_path/Frameworks",
				);
				PRODUCT_BUNDLE_IDENTIFIER = "kr.co.dreamteams.sample-iosTests";
				PRODUCT_NAME = "$(TARGET_NAME)";
				SWIFT_VERSION = 4.0;
				TARGETED_DEVICE_FAMILY = "1,2";
				TEST_HOST = "$(BUILT_PRODUCTS_DIR)/sample_ios.app/sample_ios";
			};
			name = Release;
		};
		4C8B2B0620EC8DC7003034D8 /* Debug */ = {
			isa = XCBuildConfiguration;
			buildSettings = {
				ALWAYS_EMBED_SWIFT_STANDARD_LIBRARIES = YES;
				CODE_SIGN_STYLE = Automatic;
				DEVELOPMENT_TEAM = GZUCLFV3B6;
				INFOPLIST_FILE = sample_iosUITests/Info.plist;
				LD_RUNPATH_SEARCH_PATHS = (
					"$(inherited)",
					"@executable_path/Frameworks",
					"@loader_path/Frameworks",
				);
				PRODUCT_BUNDLE_IDENTIFIER = "kr.co.dreamteams.sample-iosUITests";
				PRODUCT_NAME = "$(TARGET_NAME)";
				SWIFT_VERSION = 4.0;
				TARGETED_DEVICE_FAMILY = "1,2";
				TEST_TARGET_NAME = sample_ios;
			};
			name = Debug;
		};
		4C8B2B0720EC8DC7003034D8 /* Release */ = {
			isa = XCBuildConfiguration;
			buildSettings = {
				ALWAYS_EMBED_SWIFT_STANDARD_LIBRARIES = YES;
				CODE_SIGN_STYLE = Automatic;
				DEVELOPMENT_TEAM = GZUCLFV3B6;
				INFOPLIST_FILE = sample_iosUITests/Info.plist;
				LD_RUNPATH_SEARCH_PATHS = (
					"$(inherited)",
					"@executable_path/Frameworks",
					"@loader_path/Frameworks",
				);
				PRODUCT_BUNDLE_IDENTIFIER = "kr.co.dreamteams.sample-iosUITests";
				PRODUCT_NAME = "$(TARGET_NAME)";
				SWIFT_VERSION = 4.0;
				TARGETED_DEVICE_FAMILY = "1,2";
				TEST_TARGET_NAME = sample_ios;
			};
			name = Release;
		};
/* End XCBuildConfiguration section */

/* Begin XCConfigurationList section */
		4C8B2AD220EC8DC5003034D8 /* Build configuration list for PBXProject "sample_ios" */ = {
			isa = XCConfigurationList;
			buildConfigurations = (
				4C8B2AFD20EC8DC7003034D8 /* Debug */,
				4C8B2AFE20EC8DC7003034D8 /* Release */,
			);
			defaultConfigurationIsVisible = 0;
			defaultConfigurationName = Release;
		};
		4C8B2AFF20EC8DC7003034D8 /* Build configuration list for PBXNativeTarget "sample_ios" */ = {
			isa = XCConfigurationList;
			buildConfigurations = (
				4C8B2B0020EC8DC7003034D8 /* Debug */,
				4C8B2B0120EC8DC7003034D8 /* Release */,
			);
			defaultConfigurationIsVisible = 0;
			defaultConfigurationName = Release;
		};
		4C8B2B0220EC8DC7003034D8 /* Build configuration list for PBXNativeTarget "sample_iosTests" */ = {
			isa = XCConfigurationList;
			buildConfigurations = (
				4C8B2B0320EC8DC7003034D8 /* Debug */,
				4C8B2B0420EC8DC7003034D8 /* Release */,
			);
			defaultConfigurationIsVisible = 0;
			defaultConfigurationName = Release;
		};
		4C8B2B0520EC8DC7003034D8 /* Build configuration list for PBXNativeTarget "sample_iosUITests" */ = {
			isa = XCConfigurationList;
			buildConfigurations = (
				4C8B2B0620EC8DC7003034D8 /* Debug */,
				4C8B2B0720EC8DC7003034D8 /* Release */,
			);
			defaultConfigurationIsVisible = 0;
			defaultConfigurationName = Release;
		};
/* End XCConfigurationList section */
	};
	rootObject = 4C8B2ACF20EC8DC5003034D8 /* Project object */;
}
